
Microsoft Visual Studio Solution File, Format Version 12.00
# Visual Studio 14
VisualStudioVersion = 14.0.24720.0
MinimumVisualStudioVersion = 10.0.40219.1
Project("{FAE04EC0-301F-11D3-BF4B-00C04F79EFBC}") = "twitter-api", "twitter-api\twitter-api.csproj", "{2AF2CF48-64D5-441A-91CA-FC519BB959C9}"
EndProject
Project("{FAE04EC0-301F-11D3-BF4B-00C04F79EFBC}") = "twitter-api.Tests", "twitter-api.Tests\twitter-api.Tests.csproj", "{48EFCAA6-6313-499D-B951-79D6EA24DE55}"
EndProject
Global
	GlobalSection(SolutionConfigurationPlatforms) = preSolution
		Debug|Any CPU = Debug|Any CPU
		Release|Any CPU = Release|Any CPU
	EndGlobalSection
	GlobalSection(ProjectConfigurationPlatforms) = postSolution
		{2AF2CF48-64D5-441A-91CA-FC519BB959C9}.Debug|Any CPU.ActiveCfg = Debug|Any CPU
		{2AF2CF48-64D5-441A-91CA-FC519BB959C9}.Debug|Any CPU.Build.0 = Debug|Any CPU
		{2AF2CF48-64D5-441A-91CA-FC519BB959C9}.Release|Any CPU.ActiveCfg = Release|Any CPU
		{2AF2CF48-64D5-441A-91CA-FC519BB959C9}.Release|Any CPU.Build.0 = Release|Any CPU
		{48EFCAA6-6313-499D-B951-79D6EA24DE55}.Debug|Any CPU.ActiveCfg = Debug|Any CPU
		{48EFCAA6-6313-499D-B951-79D6EA24DE55}.Debug|Any CPU.Build.0 = Debug|Any CPU
		{48EFCAA6-6313-499D-B951-79D6EA24DE55}.Release|Any CPU.ActiveCfg = Release|Any CPU
		{48EFCAA6-6313-499D-B951-79D6EA24DE55}.Release|Any CPU.Build.0 = Release|Any CPU
	EndGlobalSection
	GlobalSection(SolutionProperties) = preSolution
		HideSolutionNode = FALSE
	EndGlobalSection
EndGlobal
